// !$*UTF8*$!
{
	archiveVersion = 1;
	classes = {
	};
	objectVersion = 50;
	objects = {

/* Begin PBXBuildFile section */
		238F009521FACA1D00B6E574 /* AppDelegate.swift in Sources */ = {isa = PBXBuildFile; fileRef = 238F009421FACA1D00B6E574 /* AppDelegate.swift */; };
		238F009721FACA1D00B6E574 /* ViewController.swift in Sources */ = {isa = PBXBuildFile; fileRef = 238F009621FACA1D00B6E574 /* ViewController.swift */; };
		238F009A21FACA1D00B6E574 /* Main.storyboard in Resources */ = {isa = PBXBuildFile; fileRef = 238F009821FACA1D00B6E574 /* Main.storyboard */; };
		238F009D21FACA1D00B6E574 /* TicTacToe2.xcdatamodeld in Sources */ = {isa = PBXBuildFile; fileRef = 238F009B21FACA1D00B6E574 /* TicTacToe2.xcdatamodeld */; };
		238F009F21FACA2100B6E574 /* Assets.xcassets in Resources */ = {isa = PBXBuildFile; fileRef = 238F009E21FACA2100B6E574 /* Assets.xcassets */; };
		238F00A221FACA2100B6E574 /* LaunchScreen.storyboard in Resources */ = {isa = PBXBuildFile; fileRef = 238F00A021FACA2100B6E574 /* LaunchScreen.storyboard */; };
		238F00AC21FACAA800B6E574 /* x.png in Resources */ = {isa = PBXBuildFile; fileRef = 238F00A921FACAA800B6E574 /* x.png */; };
		238F00AD21FACAA800B6E574 /* background.png in Resources */ = {isa = PBXBuildFile; fileRef = 238F00AA21FACAA800B6E574 /* background.png */; };
		238F00AE21FACAA800B6E574 /* o.png in Resources */ = {isa = PBXBuildFile; fileRef = 238F00AB21FACAA800B6E574 /* o.png */; };
/* End PBXBuildFile section */

/* Begin PBXFileReference section */
		238F009121FACA1C00B6E574 /* TicTacToe2.app */ = {isa = PBXFileReference; explicitFileType = wrapper.application; includeInIndex = 0; path = TicTacToe2.app; sourceTree = BUILT_PRODUCTS_DIR; };
		238F009421FACA1D00B6E574 /* AppDelegate.swift */ = {isa = PBXFileReference; lastKnownFileType = sourcecode.swift; path = AppDelegate.swift; sourceTree = "<group>"; };
		238F009621FACA1D00B6E574 /* ViewController.swift */ = {isa = PBXFileReference; lastKnownFileType = sourcecode.swift; path = ViewController.swift; sourceTree = "<group>"; };
		238F009921FACA1D00B6E574 /* Base */ = {isa = PBXFileReference; lastKnownFileType = file.storyboard; name = Base; path = Base.lproj/Main.storyboard; sourceTree = "<group>"; };
		238F009C21FACA1D00B6E574 /* TicTacToe2.xcdatamodel */ = {isa = PBXFileReference; lastKnownFileType = wrapper.xcdatamodel; path = TicTacToe2.xcdatamodel; sourceTree = "<group>"; };
		238F009E21FACA2100B6E574 /* Assets.xcassets */ = {isa = PBXFileReference; lastKnownFileType = folder.assetcatalog; path = Assets.xcassets; sourceTree = "<group>"; };
		238F00A121FACA2100B6E574 /* Base */ = {isa = PBXFileReference; lastKnownFileType = file.storyboard; name = Base; path = Base.lproj/LaunchScreen.storyboard; sourceTree = "<group>"; };
		238F00A321FACA2100B6E574 /* Info.plist */ = {isa = PBXFileReference; lastKnownFileType = text.plist.xml; path = Info.plist; sourceTree = "<group>"; };
		238F00A921FACAA800B6E574 /* x.png */ = {isa = PBXFileReference; lastKnownFileType = image.png; path = x.png; sourceTree = "<group>"; };
		238F00AA21FACAA800B6E574 /* background.png */ = {isa = PBXFileReference; lastKnownFileType = image.png; path = background.png; sourceTree = "<group>"; };
		238F00AB21FACAA800B6E574 /* o.png */ = {isa = PBXFileReference; lastKnownFileType = image.png; path = o.png; sourceTree = "<group>"; };
/* End PBXFileReference section */

/* Begin PBXFrameworksBuildPhase section */
		238F008E21FACA1C00B6E574 /* Frameworks */ = {
			isa = PBXFrameworksBuildPhase;
			buildActionMask = 2147483647;
			files = (
			);
			runOnlyForDeploymentPostprocessing = 0;
		};
/* End PBXFrameworksBuildPhase section */

/* Begin PBXGroup section */
		238F008821FACA1C00B6E574 = {
			isa = PBXGroup;
			children = (
				238F009321FACA1C00B6E574 /* TicTacToe2 */,
				238F009221FACA1C00B6E574 /* Products */,
			);
			sourceTree = "<group>";
		};
		238F009221FACA1C00B6E574 /* Products */ = {
			isa = PBXGroup;
			children = (
				238F009121FACA1C00B6E574 /* TicTacToe2.app */,
			);
			name = Products;
			sourceTree = "<group>";
		};
		238F009321FACA1C00B6E574 /* TicTacToe2 */ = {
			isa = PBXGroup;
			children = (
				238F009421FACA1D00B6E574 /* AppDelegate.swift */,
				238F009621FACA1D00B6E574 /* ViewController.swift */,
				238F009821FACA1D00B6E574 /* Main.storyboard */,
				238F009E21FACA2100B6E574 /* Assets.xcassets */,
				238F00A021FACA2100B6E574 /* LaunchScreen.storyboard */,
				238F00A321FACA2100B6E574 /* Info.plist */,
				238F009B21FACA1D00B6E574 /* TicTacToe2.xcdatamodeld */,
				238F00AA21FACAA800B6E574 /* background.png */,
				238F00AB21FACAA800B6E574 /* o.png */,
				238F00A921FACAA800B6E574 /* x.png */,
			);
			path = TicTacToe2;
			sourceTree = "<group>";
		};
/* End PBXGroup section */

/* Begin PBXNativeTarget section */
		238F009021FACA1C00B6E574 /* TicTacToe2 */ = {
			isa = PBXNativeTarget;
			buildConfigurationList = 238F00A621FACA2100B6E574 /* Build configuration list for PBXNativeTarget "TicTacToe2" */;
			buildPhases = (
				238F008D21FACA1C00B6E574 /* Sources */,
				238F008E21FACA1C00B6E574 /* Frameworks */,
				238F008F21FACA1C00B6E574 /* Resources */,
			);
			buildRules = (
			);
			dependencies = (
			);
			name = TicTacToe2;
			productName = TicTacToe2;
			productReference = 238F009121FACA1C00B6E574 /* TicTacToe2.app */;
			productType = "com.apple.product-type.application";
		};
/* End PBXNativeTarget section */

/* Begin PBXProject section */
		238F008921FACA1C00B6E574 /* Project object */ = {
			isa = PBXProject;
			attributes = {
				LastSwiftUpdateCheck = 1010;
				LastUpgradeCheck = 1010;
				ORGANIZATIONNAME = "Kevin Tian";
				TargetAttributes = {
					238F009021FACA1C00B6E574 = {
						CreatedOnToolsVersion = 10.1;
					};
				};
			};
			buildConfigurationList = 238F008C21FACA1C00B6E574 /* Build configuration list for PBXProject "TicTacToe2" */;
			compatibilityVersion = "Xcode 9.3";
			developmentRegion = en;
			hasScannedForEncodings = 0;
			knownRegions = (
				en,
				Base,
			);
			mainGroup = 238F008821FACA1C00B6E574;
			productRefGroup = 238F009221FACA1C00B6E574 /* Products */;
			projectDirPath = "";
			projectRoot = "";
			targets = (
				238F009021FACA1C00B6E574 /* TicTacToe2 */,
			);
		};
/* End PBXProject section */

/* Begin PBXResourcesBuildPhase section */
		238F008F21FACA1C00B6E574 /* Resources */ = {
			isa = PBXResourcesBuildPhase;
			buildActionMask = 2147483647;
			files = (
				238F00AC21FACAA800B6E574 /* x.png in Resources */,
				238F00AD21FACAA800B6E574 /* background.png in Resources */,
				238F00A221FACA2100B6E574 /* LaunchScreen.storyboard in Resources */,
				238F00AE21FACAA800B6E574 /* o.png in Resources */,
				238F009F21FACA2100B6E574 /* Assets.xcassets in Resources */,
				238F009A21FACA1D00B6E574 /* Main.storyboard in Resources */,
			);
			runOnlyForDeploymentPostprocessing = 0;
		};
/* End PBXResourcesBuildPhase section */

/* Begin PBXSourcesBuildPhase section */
		238F008D21FACA1C00B6E574 /* Sources */ = {
			isa = PBXSourcesBuildPhase;
			buildActionMask = 2147483647;
			files = (
				238F009721FACA1D00B6E574 /* ViewController.swift in Sources */,
				238F009521FACA1D00B6E574 /* AppDelegate.swift in Sources */,
				238F009D21FACA1D00B6E574 /* TicTacToe2.xcdatamodeld in Sources */,
			);
			runOnlyForDeploymentPostprocessing = 0;
		};
/* End PBXSourcesBuildPhase section */

/* Begin PBXVariantGroup section */
		238F009821FACA1D00B6E574 /* Main.storyboard */ = {
			isa = PBXVariantGroup;
			children = (
				238F009921FACA1D00B6E574 /* Base */,
			);
			name = Main.storyboard;
			sourceTree = "<group>";
		};
		238F00A021FACA2100B6E574 /* LaunchScreen.storyboard */ = {
			isa = PBXVariantGroup;
			children = (
				238F00A121FACA2100B6E574 /* Base */,
			);
			name = LaunchScreen.storyboard;
			sourceTree = "<group>";
		};
/* End PBXVariantGroup section */

/* Begin XCBuildConfiguration section */
		238F00A421FACA2100B6E574 /* Debug */ = {
			isa = XCBuildConfiguration;
			buildSettings = {
				ALWAYS_SEARCH_USER_PATHS = NO;
				CLANG_ANALYZER_NONNULL = YES;
				CLANG_ANALYZER_NUMBER_OBJECT_CONVERSION = YES_AGGRESSIVE;
				CLANG_CXX_LANGUAGE_STANDARD = "gnu++14";
				CLANG_CXX_LIBRARY = "libc++";
				CLANG_ENABLE_MODULES = YES;
				CLANG_ENABLE_OBJC_ARC = YES;
				CLANG_ENABLE_OBJC_WEAK = YES;
				CLANG_WARN_BLOCK_CAPTURE_AUTORELEASING = YES;
				CLANG_WARN_BOOL_CONVERSION = YES;
				CLANG_WARN_COMMA = YES;
				CLANG_WARN_CONSTANT_CONVERSION = YES;
				CLANG_WARN_DEPRECATED_OBJC_IMPLEMENTATIONS = YES;
				CLANG_WARN_DIRECT_OBJC_ISA_USAGE = YES_ERROR;
				CLANG_WARN_DOCUMENTATION_COMMENTS = YES;
				CLANG_WARN_EMPTY_BODY = YES;
				CLANG_WARN_ENUM_CONVERSION = YES;
				CLANG_WARN_INFINITE_RECURSION = YES;
				CLANG_WARN_INT_CONVERSION = YES;
				CLANG_WARN_NON_LITERAL_NULL_CONVERSION = YES;
				CLANG_WARN_OBJC_IMPLICIT_RETAIN_SELF = YES;
				CLANG_WARN_OBJC_LITERAL_CONVERSION = YES;
				CLANG_WARN_OBJC_ROOT_CLASS = YES_ERROR;
				CLANG_WARN_RANGE_LOOP_ANALYSIS = YES;
				CLANG_WARN_STRICT_PROTOTYPES = YES;
				CLANG_WARN_SUSPICIOUS_MOVE = YES;
				CLANG_WARN_UNGUARDED_AVAILABILITY = YES_AGGRESSIVE;
				CLANG_WARN_UNREACHABLE_CODE = YES;
				CLANG_WARN__DUPLICATE_METHOD_MATCH = YES;
				CODE_SIGN_IDENTITY = "iPhone Developer";
				COPY_PHASE_STRIP = NO;
				DEBUG_INFORMATION_FORMAT = dwarf;
				ENABLE_STRICT_OBJC_MSGSEND = YES;
				ENABLE_TESTABILITY = YES;
				GCC_C_LANGUAGE_STANDARD = gnu11;
				GCC_DYNAMIC_NO_PIC = NO;
				GCC_NO_COMMON_BLOCKS = YES;
				GCC_OPTIMIZATION_LEVEL = 0;
				GCC_PREPROCESSOR_DEFINITIONS = (
					"DEBUG=1",
					"$(inherited)",
				);
				GCC_WARN_64_TO_32_BIT_CONVERSION = YES;
				GCC_WARN_ABOUT_RETURN_TYPE = YES_ERROR;
				GCC_WARN_UNDECLARED_SELECTOR = YES;
				GCC_WARN_UNINITIALIZED_AUTOS = YES_AGGRESSIVE;
				GCC_WARN_UNUSED_FUNCTION = YES;
				GCC_WARN_UNUSED_VARIABLE = YES;
				IPHONEOS_DEPLOYMENT_TARGET = 12.1;
				MTL_ENABLE_DEBUG_INFO = INCLUDE_SOURCE;
				MTL_FAST_MATH = YES;
				ONLY_ACTIVE_ARCH = YES;
				SDKROOT = iphoneos;
				SWIFT_ACTIVE_COMPILATION_CONDITIONS = DEBUG;
				SWIFT_OPTIMIZATION_LEVEL = "-Onone";
			};
			name = Debug;
		};
		238F00A521FACA2100B6E574 /* Release */ = {
			isa = XCBuildConfiguration;
			buildSettings = {
				ALWAYS_SEARCH_USER_PATHS = NO;
				CLANG_ANALYZER_NONNULL = YES;
				CLANG_ANALYZER_NUMBER_OBJECT_CONVERSION = YES_AGGRESSIVE;
				CLANG_CXX_LANGUAGE_STANDARD = "gnu++14";
				CLANG_CXX_LIBRARY = "libc++";
				CLANG_ENABLE_MODULES = YES;
				CLANG_ENABLE_OBJC_ARC = YES;
				CLANG_ENABLE_OBJC_WEAK = YES;
				CLANG_WARN_BLOCK_CAPTURE_AUTORELEASING = YES;
				CLANG_WARN_BOOL_CONVERSION = YES;
				CLANG_WARN_COMMA = YES;
				CLANG_WARN_CONSTANT_CONVERSION = YES;
				CLANG_WARN_DEPRECATED_OBJC_IMPLEMENTATIONS = YES;
				CLANG_WARN_DIRECT_OBJC_ISA_USAGE = YES_ERROR;
				CLANG_WARN_DOCUMENTATION_COMMENTS = YES;
				CLANG_WARN_EMPTY_BODY = YES;
				CLANG_WARN_ENUM_CONVERSION = YES;
				CLANG_WARN_INFINITE_RECURSION = YES;
				CLANG_WARN_INT_CONVERSION = YES;
				CLANG_WARN_NON_LITERAL_NULL_CONVERSION = YES;
				CLANG_WARN_OBJC_IMPLICIT_RETAIN_SELF = YES;
				CLANG_WARN_OBJC_LITERAL_CONVERSION = YES;
				CLANG_WARN_OBJC_ROOT_CLASS = YES_ERROR;
				CLANG_WARN_RANGE_LOOP_ANALYSIS = YES;
				CLANG_WARN_STRICT_PROTOTYPES = YES;
				CLANG_WARN_SUSPICIOUS_MOVE = YES;
				CLANG_WARN_UNGUARDED_AVAILABILITY = YES_AGGRESSIVE;
				CLANG_WARN_UNREACHABLE_CODE = YES;
				CLANG_WARN__DUPLICATE_METHOD_MATCH = YES;
				CODE_SIGN_IDENTITY = "iPhone Developer";
				COPY_PHASE_STRIP = NO;
				DEBUG_INFORMATION_FORMAT = "dwarf-with-dsym";
				ENABLE_NS_ASSERTIONS = NO;
				ENABLE_STRICT_OBJC_MSGSEND = YES;
				GCC_C_LANGUAGE_STANDARD = gnu11;
				GCC_NO_COMMON_BLOCKS = YES;
				GCC_WARN_64_TO_32_BIT_CONVERSION = YES;
				GCC_WARN_ABOUT_RETURN_TYPE = YES_ERROR;
				GCC_WARN_UNDECLARED_SELECTOR = YES;
				GCC_WARN_UNINITIALIZED_AUTOS = YES_AGGRESSIVE;
				GCC_WARN_UNUSED_FUNCTION = YES;
				GCC_WARN_UNUSED_VARIABLE = YES;
				IPHONEOS_DEPLOYMENT_TARGET = 12.1;
				MTL_ENABLE_DEBUG_INFO = NO;
				MTL_FAST_MATH = YES;
				SDKROOT = iphoneos;
				SWIFT_COMPILATION_MODE = wholemodule;
				SWIFT_OPTIMIZATION_LEVEL = "-O";
				VALIDATE_PRODUCT = YES;
			};
			name = Release;
		};
		238F00A721FACA2100B6E574 /* Debug */ = {
			isa = XCBuildConfiguration;
			buildSettings = {
				ASSETCATALOG_COMPILER_APPICON_NAME = AppIcon;
				CODE_SIGN_STYLE = Automatic;
				DEVELOPMENT_TEAM = G9X2A6ME8H;
				INFOPLIST_FILE = TicTacToe2/Info.plist;
				LD_RUNPATH_SEARCH_PATHS = (
					"$(inherited)",
					"@executable_path/Frameworks",
				);
				PRODUCT_BUNDLE_IDENTIFIER = org.cate.cs.KevinTian.DTA.TicTacToe2;
				PRODUCT_NAME = "$(TARGET_NAME)";
				SWIFT_VERSION = 4.2;
				TARGETED_DEVICE_FAMILY = "1,2";
			};
			name = Debug;
		};
		238F00A821FACA2100B6E574 /* Release */ = {
			isa = XCBuildConfiguration;
			buildSettings = {
				ASSETCATALOG_COMPILER_APPICON_NAME = AppIcon;
				CODE_SIGN_STYLE = Automatic;
				DEVELOPMENT_TEAM = G9X2A6ME8H;
				INFOPLIST_FILE = TicTacToe2/Info.plist;
				LD_RUNPATH_SEARCH_PATHS = (
					"$(inherited)",
					"@executable_path/Frameworks",
				);
				PRODUCT_BUNDLE_IDENTIFIER = org.cate.cs.KevinTian.DTA.TicTacToe2;
				PRODUCT_NAME = "$(TARGET_NAME)";
				SWIFT_VERSION = 4.2;
				TARGETED_DEVICE_FAMILY = "1,2";
			};
			name = Release;
		};
/* End XCBuildConfiguration section */

/* Begin XCConfigurationList section */
		238F008C21FACA1C00B6E574 /* Build configuration list for PBXProject "TicTacToe2" */ = {
			isa = XCConfigurationList;
			buildConfigurations = (
				238F00A421FACA2100B6E574 /* Debug */,
				238F00A521FACA2100B6E574 /* Release */,
			);
			defaultConfigurationIsVisible = 0;
			defaultConfigurationName = Release;
		};
		238F00A621FACA2100B6E574 /* Build configuration list for PBXNativeTarget "TicTacToe2" */ = {
			isa = XCConfigurationList;
			buildConfigurations = (
				238F00A721FACA2100B6E574 /* Debug */,
				238F00A821FACA2100B6E574 /* Release */,
			);
			defaultConfigurationIsVisible = 0;
			defaultConfigurationName = Release;
		};
/* End XCConfigurationList section */

/* Begin XCVersionGroup section */
		238F009B21FACA1D00B6E574 /* TicTacToe2.xcdatamodeld */ = {
			isa = XCVersionGroup;
			children = (
				238F009C21FACA1D00B6E574 /* TicTacToe2.xcdatamodel */,
			);
			currentVersion = 238F009C21FACA1D00B6E574 /* TicTacToe2.xcdatamodel */;
			path = TicTacToe2.xcdatamodeld;
			sourceTree = "<group>";
			versionGroupType = wrapper.xcdatamodel;
		};
/* End XCVersionGroup section */
	};
	rootObject = 238F008921FACA1C00B6E574 /* Project object */;
}
